// !$*UTF8*$!
{
	archiveVersion = 1;
	classes = {
	};
	objectVersion = 55;
	objects = {

/* Begin PBXBuildFile section */
		E98A240E291D59BD0083093C /* AppDelegate.swift in Sources */ = {isa = PBXBuildFile; fileRef = E98A240D291D59BD0083093C /* AppDelegate.swift */; };
		E98A2410291D59BD0083093C /* SceneDelegate.swift in Sources */ = {isa = PBXBuildFile; fileRef = E98A240F291D59BD0083093C /* SceneDelegate.swift */; };
		E98A2412291D59BD0083093C /* ViewController.swift in Sources */ = {isa = PBXBuildFile; fileRef = E98A2411291D59BD0083093C /* ViewController.swift */; };
		E98A2415291D59BD0083093C /* Main.storyboard in Resources */ = {isa = PBXBuildFile; fileRef = E98A2413291D59BD0083093C /* Main.storyboard */; };
		E98A2417291D59C00083093C /* Assets.xcassets in Resources */ = {isa = PBXBuildFile; fileRef = E98A2416291D59C00083093C /* Assets.xcassets */; };
		E98A241A291D59C00083093C /* LaunchScreen.storyboard in Resources */ = {isa = PBXBuildFile; fileRef = E98A2418291D59C00083093C /* LaunchScreen.storyboard */; };
		E98A2425291D59C00083093C /* hackathon_red_moon_iosTests.swift in Sources */ = {isa = PBXBuildFile; fileRef = E98A2424291D59C00083093C /* hackathon_red_moon_iosTests.swift */; };
		E98A242F291D59C00083093C /* hackathon_red_moon_iosUITests.swift in Sources */ = {isa = PBXBuildFile; fileRef = E98A242E291D59C00083093C /* hackathon_red_moon_iosUITests.swift */; };
		E98A2431291D59C00083093C /* hackathon_red_moon_iosUITestsLaunchTests.swift in Sources */ = {isa = PBXBuildFile; fileRef = E98A2430291D59C00083093C /* hackathon_red_moon_iosUITestsLaunchTests.swift */; };
/* End PBXBuildFile section */

/* Begin PBXContainerItemProxy section */
		E98A2421291D59C00083093C /* PBXContainerItemProxy */ = {
			isa = PBXContainerItemProxy;
			containerPortal = E98A2402291D59BD0083093C /* Project object */;
			proxyType = 1;
			remoteGlobalIDString = E98A2409291D59BD0083093C;
			remoteInfo = "hackathon-red-moon-ios";
		};
		E98A242B291D59C00083093C /* PBXContainerItemProxy */ = {
			isa = PBXContainerItemProxy;
			containerPortal = E98A2402291D59BD0083093C /* Project object */;
			proxyType = 1;
			remoteGlobalIDString = E98A2409291D59BD0083093C;
			remoteInfo = "hackathon-red-moon-ios";
		};
/* End PBXContainerItemProxy section */

/* Begin PBXFileReference section */
		E98A240A291D59BD0083093C /* hackathon-red-moon-ios.app */ = {isa = PBXFileReference; explicitFileType = wrapper.application; includeInIndex = 0; path = "hackathon-red-moon-ios.app"; sourceTree = BUILT_PRODUCTS_DIR; };
		E98A240D291D59BD0083093C /* AppDelegate.swift */ = {isa = PBXFileReference; lastKnownFileType = sourcecode.swift; path = AppDelegate.swift; sourceTree = "<group>"; };
		E98A240F291D59BD0083093C /* SceneDelegate.swift */ = {isa = PBXFileReference; lastKnownFileType = sourcecode.swift; path = SceneDelegate.swift; sourceTree = "<group>"; };
		E98A2411291D59BD0083093C /* ViewController.swift */ = {isa = PBXFileReference; lastKnownFileType = sourcecode.swift; path = ViewController.swift; sourceTree = "<group>"; };
		E98A2414291D59BD0083093C /* Base */ = {isa = PBXFileReference; lastKnownFileType = file.storyboard; name = Base; path = Base.lproj/Main.storyboard; sourceTree = "<group>"; };
		E98A2416291D59C00083093C /* Assets.xcassets */ = {isa = PBXFileReference; lastKnownFileType = folder.assetcatalog; path = Assets.xcassets; sourceTree = "<group>"; };
		E98A2419291D59C00083093C /* Base */ = {isa = PBXFileReference; lastKnownFileType = file.storyboard; name = Base; path = Base.lproj/LaunchScreen.storyboard; sourceTree = "<group>"; };
		E98A241B291D59C00083093C /* Info.plist */ = {isa = PBXFileReference; lastKnownFileType = text.plist.xml; path = Info.plist; sourceTree = "<group>"; };
		E98A2420291D59C00083093C /* hackathon-red-moon-iosTests.xctest */ = {isa = PBXFileReference; explicitFileType = wrapper.cfbundle; includeInIndex = 0; path = "hackathon-red-moon-iosTests.xctest"; sourceTree = BUILT_PRODUCTS_DIR; };
		E98A2424291D59C00083093C /* hackathon_red_moon_iosTests.swift */ = {isa = PBXFileReference; lastKnownFileType = sourcecode.swift; path = hackathon_red_moon_iosTests.swift; sourceTree = "<group>"; };
		E98A242A291D59C00083093C /* hackathon-red-moon-iosUITests.xctest */ = {isa = PBXFileReference; explicitFileType = wrapper.cfbundle; includeInIndex = 0; path = "hackathon-red-moon-iosUITests.xctest"; sourceTree = BUILT_PRODUCTS_DIR; };
		E98A242E291D59C00083093C /* hackathon_red_moon_iosUITests.swift */ = {isa = PBXFileReference; lastKnownFileType = sourcecode.swift; path = hackathon_red_moon_iosUITests.swift; sourceTree = "<group>"; };
		E98A2430291D59C00083093C /* hackathon_red_moon_iosUITestsLaunchTests.swift */ = {isa = PBXFileReference; lastKnownFileType = sourcecode.swift; path = hackathon_red_moon_iosUITestsLaunchTests.swift; sourceTree = "<group>"; };
/* End PBXFileReference section */

/* Begin PBXFrameworksBuildPhase section */
		E98A2407291D59BD0083093C /* Frameworks */ = {
			isa = PBXFrameworksBuildPhase;
			buildActionMask = 2147483647;
			files = (
			);
			runOnlyForDeploymentPostprocessing = 0;
		};
		E98A241D291D59C00083093C /* Frameworks */ = {
			isa = PBXFrameworksBuildPhase;
			buildActionMask = 2147483647;
			files = (
			);
			runOnlyForDeploymentPostprocessing = 0;
		};
		E98A2427291D59C00083093C /* Frameworks */ = {
			isa = PBXFrameworksBuildPhase;
			buildActionMask = 2147483647;
			files = (
			);
			runOnlyForDeploymentPostprocessing = 0;
		};
/* End PBXFrameworksBuildPhase section */

/* Begin PBXGroup section */
		E98A2401291D59BD0083093C = {
			isa = PBXGroup;
			children = (
				E98A240C291D59BD0083093C /* hackathon-red-moon-ios */,
				E98A2423291D59C00083093C /* hackathon-red-moon-iosTests */,
				E98A242D291D59C00083093C /* hackathon-red-moon-iosUITests */,
				E98A240B291D59BD0083093C /* Products */,
			);
			sourceTree = "<group>";
		};
		E98A240B291D59BD0083093C /* Products */ = {
			isa = PBXGroup;
			children = (
				E98A240A291D59BD0083093C /* hackathon-red-moon-ios.app */,
				E98A2420291D59C00083093C /* hackathon-red-moon-iosTests.xctest */,
				E98A242A291D59C00083093C /* hackathon-red-moon-iosUITests.xctest */,
			);
			name = Products;
			sourceTree = "<group>";
		};
		E98A240C291D59BD0083093C /* hackathon-red-moon-ios */ = {
			isa = PBXGroup;
			children = (
				E98A240D291D59BD0083093C /* AppDelegate.swift */,
				E98A240F291D59BD0083093C /* SceneDelegate.swift */,
				E98A2411291D59BD0083093C /* ViewController.swift */,
				E98A2413291D59BD0083093C /* Main.storyboard */,
				E98A2416291D59C00083093C /* Assets.xcassets */,
				E98A2418291D59C00083093C /* LaunchScreen.storyboard */,
				E98A241B291D59C00083093C /* Info.plist */,
			);
			path = "hackathon-red-moon-ios";
			sourceTree = "<group>";
		};
		E98A2423291D59C00083093C /* hackathon-red-moon-iosTests */ = {
			isa = PBXGroup;
			children = (
				E98A2424291D59C00083093C /* hackathon_red_moon_iosTests.swift */,
			);
			path = "hackathon-red-moon-iosTests";
			sourceTree = "<group>";
		};
		E98A242D291D59C00083093C /* hackathon-red-moon-iosUITests */ = {
			isa = PBXGroup;
			children = (
				E98A242E291D59C00083093C /* hackathon_red_moon_iosUITests.swift */,
				E98A2430291D59C00083093C /* hackathon_red_moon_iosUITestsLaunchTests.swift */,
			);
			path = "hackathon-red-moon-iosUITests";
			sourceTree = "<group>";
		};
/* End PBXGroup section */

/* Begin PBXNativeTarget section */
		E98A2409291D59BD0083093C /* hackathon-red-moon-ios */ = {
			isa = PBXNativeTarget;
			buildConfigurationList = E98A2434291D59C00083093C /* Build configuration list for PBXNativeTarget "hackathon-red-moon-ios" */;
			buildPhases = (
				E98A2406291D59BD0083093C /* Sources */,
				E98A2407291D59BD0083093C /* Frameworks */,
				E98A2408291D59BD0083093C /* Resources */,
			);
			buildRules = (
			);
			dependencies = (
			);
			name = "hackathon-red-moon-ios";
			productName = "hackathon-red-moon-ios";
			productReference = E98A240A291D59BD0083093C /* hackathon-red-moon-ios.app */;
			productType = "com.apple.product-type.application";
		};
		E98A241F291D59C00083093C /* hackathon-red-moon-iosTests */ = {
			isa = PBXNativeTarget;
			buildConfigurationList = E98A2437291D59C00083093C /* Build configuration list for PBXNativeTarget "hackathon-red-moon-iosTests" */;
			buildPhases = (
				E98A241C291D59C00083093C /* Sources */,
				E98A241D291D59C00083093C /* Frameworks */,
				E98A241E291D59C00083093C /* Resources */,
			);
			buildRules = (
			);
			dependencies = (
				E98A2422291D59C00083093C /* PBXTargetDependency */,
			);
			name = "hackathon-red-moon-iosTests";
			productName = "hackathon-red-moon-iosTests";
			productReference = E98A2420291D59C00083093C /* hackathon-red-moon-iosTests.xctest */;
			productType = "com.apple.product-type.bundle.unit-test";
		};
		E98A2429291D59C00083093C /* hackathon-red-moon-iosUITests */ = {
			isa = PBXNativeTarget;
			buildConfigurationList = E98A243A291D59C00083093C /* Build configuration list for PBXNativeTarget "hackathon-red-moon-iosUITests" */;
			buildPhases = (
				E98A2426291D59C00083093C /* Sources */,
				E98A2427291D59C00083093C /* Frameworks */,
				E98A2428291D59C00083093C /* Resources */,
			);
			buildRules = (
			);
			dependencies = (
				E98A242C291D59C00083093C /* PBXTargetDependency */,
			);
			name = "hackathon-red-moon-iosUITests";
			productName = "hackathon-red-moon-iosUITests";
			productReference = E98A242A291D59C00083093C /* hackathon-red-moon-iosUITests.xctest */;
			productType = "com.apple.product-type.bundle.ui-testing";
		};
/* End PBXNativeTarget section */

/* Begin PBXProject section */
		E98A2402291D59BD0083093C /* Project object */ = {
			isa = PBXProject;
			attributes = {
				BuildIndependentTargetsInParallel = 1;
				LastSwiftUpdateCheck = 1300;
				LastUpgradeCheck = 1300;
				TargetAttributes = {
					E98A2409291D59BD0083093C = {
						CreatedOnToolsVersion = 13.0;
					};
					E98A241F291D59C00083093C = {
						CreatedOnToolsVersion = 13.0;
						TestTargetID = E98A2409291D59BD0083093C;
					};
					E98A2429291D59C00083093C = {
						CreatedOnToolsVersion = 13.0;
						TestTargetID = E98A2409291D59BD0083093C;
					};
				};
			};
			buildConfigurationList = E98A2405291D59BD0083093C /* Build configuration list for PBXProject "hackathon-red-moon-ios" */;
			compatibilityVersion = "Xcode 13.0";
			developmentRegion = en;
			hasScannedForEncodings = 0;
			knownRegions = (
				en,
				Base,
			);
			mainGroup = E98A2401291D59BD0083093C;
			productRefGroup = E98A240B291D59BD0083093C /* Products */;
			projectDirPath = "";
			projectRoot = "";
			targets = (
				E98A2409291D59BD0083093C /* hackathon-red-moon-ios */,
				E98A241F291D59C00083093C /* hackathon-red-moon-iosTests */,
				E98A2429291D59C00083093C /* hackathon-red-moon-iosUITests */,
			);
		};
/* End PBXProject section */

/* Begin PBXResourcesBuildPhase section */
		E98A2408291D59BD0083093C /* Resources */ = {
			isa = PBXResourcesBuildPhase;
			buildActionMask = 2147483647;
			files = (
				E98A241A291D59C00083093C /* LaunchScreen.storyboard in Resources */,
				E98A2417291D59C00083093C /* Assets.xcassets in Resources */,
				E98A2415291D59BD0083093C /* Main.storyboard in Resources */,
			);
			runOnlyForDeploymentPostprocessing = 0;
		};
		E98A241E291D59C00083093C /* Resources */ = {
			isa = PBXResourcesBuildPhase;
			buildActionMask = 2147483647;
			files = (
			);
			runOnlyForDeploymentPostprocessing = 0;
		};
		E98A2428291D59C00083093C /* Resources */ = {
			isa = PBXResourcesBuildPhase;
			buildActionMask = 2147483647;
			files = (
			);
			runOnlyForDeploymentPostprocessing = 0;
		};
/* End PBXResourcesBuildPhase section */

/* Begin PBXSourcesBuildPhase section */
		E98A2406291D59BD0083093C /* Sources */ = {
			isa = PBXSourcesBuildPhase;
			buildActionMask = 2147483647;
			files = (
				E98A2412291D59BD0083093C /* ViewController.swift in Sources */,
				E98A240E291D59BD0083093C /* AppDelegate.swift in Sources */,
				E98A2410291D59BD0083093C /* SceneDelegate.swift in Sources */,
			);
			runOnlyForDeploymentPostprocessing = 0;
		};
		E98A241C291D59C00083093C /* Sources */ = {
			isa = PBXSourcesBuildPhase;
			buildActionMask = 2147483647;
			files = (
				E98A2425291D59C00083093C /* hackathon_red_moon_iosTests.swift in Sources */,
			);
			runOnlyForDeploymentPostprocessing = 0;
		};
		E98A2426291D59C00083093C /* Sources */ = {
			isa = PBXSourcesBuildPhase;
			buildActionMask = 2147483647;
			files = (
				E98A242F291D59C00083093C /* hackathon_red_moon_iosUITests.swift in Sources */,
				E98A2431291D59C00083093C /* hackathon_red_moon_iosUITestsLaunchTests.swift in Sources */,
			);
			runOnlyForDeploymentPostprocessing = 0;
		};
/* End PBXSourcesBuildPhase section */

/* Begin PBXTargetDependency section */
		E98A2422291D59C00083093C /* PBXTargetDependency */ = {
			isa = PBXTargetDependency;
			target = E98A2409291D59BD0083093C /* hackathon-red-moon-ios */;
			targetProxy = E98A2421291D59C00083093C /* PBXContainerItemProxy */;
		};
		E98A242C291D59C00083093C /* PBXTargetDependency */ = {
			isa = PBXTargetDependency;
			target = E98A2409291D59BD0083093C /* hackathon-red-moon-ios */;
			targetProxy = E98A242B291D59C00083093C /* PBXContainerItemProxy */;
		};
/* End PBXTargetDependency section */

/* Begin PBXVariantGroup section */
		E98A2413291D59BD0083093C /* Main.storyboard */ = {
			isa = PBXVariantGroup;
			children = (
				E98A2414291D59BD0083093C /* Base */,
			);
			name = Main.storyboard;
			sourceTree = "<group>";
		};
		E98A2418291D59C00083093C /* LaunchScreen.storyboard */ = {
			isa = PBXVariantGroup;
			children = (
				E98A2419291D59C00083093C /* Base */,
			);
			name = LaunchScreen.storyboard;
			sourceTree = "<group>";
		};
/* End PBXVariantGroup section */

/* Begin XCBuildConfiguration section */
		E98A2432291D59C00083093C /* Debug */ = {
			isa = XCBuildConfiguration;
			buildSettings = {
				ALWAYS_SEARCH_USER_PATHS = NO;
				CLANG_ANALYZER_NONNULL = YES;
				CLANG_ANALYZER_NUMBER_OBJECT_CONVERSION = YES_AGGRESSIVE;
				CLANG_CXX_LANGUAGE_STANDARD = "gnu++17";
				CLANG_CXX_LIBRARY = "libc++";
				CLANG_ENABLE_MODULES = YES;
				CLANG_ENABLE_OBJC_ARC = YES;
				CLANG_ENABLE_OBJC_WEAK = YES;
				CLANG_WARN_BLOCK_CAPTURE_AUTORELEASING = YES;
				CLANG_WARN_BOOL_CONVERSION = YES;
				CLANG_WARN_COMMA = YES;
				CLANG_WARN_CONSTANT_CONVERSION = YES;
				CLANG_WARN_DEPRECATED_OBJC_IMPLEMENTATIONS = YES;
				CLANG_WARN_DIRECT_OBJC_ISA_USAGE = YES_ERROR;
				CLANG_WARN_DOCUMENTATION_COMMENTS = YES;
				CLANG_WARN_EMPTY_BODY = YES;
				CLANG_WARN_ENUM_CONVERSION = YES;
				CLANG_WARN_INFINITE_RECURSION = YES;
				CLANG_WARN_INT_CONVERSION = YES;
				CLANG_WARN_NON_LITERAL_NULL_CONVERSION = YES;
				CLANG_WARN_OBJC_IMPLICIT_RETAIN_SELF = YES;
				CLANG_WARN_OBJC_LITERAL_CONVERSION = YES;
				CLANG_WARN_OBJC_ROOT_CLASS = YES_ERROR;
				CLANG_WARN_QUOTED_INCLUDE_IN_FRAMEWORK_HEADER = YES;
				CLANG_WARN_RANGE_LOOP_ANALYSIS = YES;
				CLANG_WARN_STRICT_PROTOTYPES = YES;
				CLANG_WARN_SUSPICIOUS_MOVE = YES;
				CLANG_WARN_UNGUARDED_AVAILABILITY = YES_AGGRESSIVE;
				CLANG_WARN_UNREACHABLE_CODE = YES;
				CLANG_WARN__DUPLICATE_METHOD_MATCH = YES;
				COPY_PHASE_STRIP = NO;
				DEBUG_INFORMATION_FORMAT = dwarf;
				ENABLE_STRICT_OBJC_MSGSEND = YES;
				ENABLE_TESTABILITY = YES;
				GCC_C_LANGUAGE_STANDARD = gnu11;
				GCC_DYNAMIC_NO_PIC = NO;
				GCC_NO_COMMON_BLOCKS = YES;
				GCC_OPTIMIZATION_LEVEL = 0;
				GCC_PREPROCESSOR_DEFINITIONS = (
					"DEBUG=1",
					"$(inherited)",
				);
				GCC_WARN_64_TO_32_BIT_CONVERSION = YES;
				GCC_WARN_ABOUT_RETURN_TYPE = YES_ERROR;
				GCC_WARN_UNDECLARED_SELECTOR = YES;
				GCC_WARN_UNINITIALIZED_AUTOS = YES_AGGRESSIVE;
				GCC_WARN_UNUSED_FUNCTION = YES;
				GCC_WARN_UNUSED_VARIABLE = YES;
				IPHONEOS_DEPLOYMENT_TARGET = 15.0;
				MTL_ENABLE_DEBUG_INFO = INCLUDE_SOURCE;
				MTL_FAST_MATH = YES;
				ONLY_ACTIVE_ARCH = YES;
				SDKROOT = iphoneos;
				SWIFT_ACTIVE_COMPILATION_CONDITIONS = DEBUG;
				SWIFT_OPTIMIZATION_LEVEL = "-Onone";
			};
			name = Debug;
		};
		E98A2433291D59C00083093C /* Release */ = {
			isa = XCBuildConfiguration;
			buildSettings = {
				ALWAYS_SEARCH_USER_PATHS = NO;
				CLANG_ANALYZER_NONNULL = YES;
				CLANG_ANALYZER_NUMBER_OBJECT_CONVERSION = YES_AGGRESSIVE;
				CLANG_CXX_LANGUAGE_STANDARD = "gnu++17";
				CLANG_CXX_LIBRARY = "libc++";
				CLANG_ENABLE_MODULES = YES;
				CLANG_ENABLE_OBJC_ARC = YES;
				CLANG_ENABLE_OBJC_WEAK = YES;
				CLANG_WARN_BLOCK_CAPTURE_AUTORELEASING = YES;
				CLANG_WARN_BOOL_CONVERSION = YES;
				CLANG_WARN_COMMA = YES;
				CLANG_WARN_CONSTANT_CONVERSION = YES;
				CLANG_WARN_DEPRECATED_OBJC_IMPLEMENTATIONS = YES;
				CLANG_WARN_DIRECT_OBJC_ISA_USAGE = YES_ERROR;
				CLANG_WARN_DOCUMENTATION_COMMENTS = YES;
				CLANG_WARN_EMPTY_BODY = YES;
				CLANG_WARN_ENUM_CONVERSION = YES;
				CLANG_WARN_INFINITE_RECURSION = YES;
				CLANG_WARN_INT_CONVERSION = YES;
				CLANG_WARN_NON_LITERAL_NULL_CONVERSION = YES;
				CLANG_WARN_OBJC_IMPLICIT_RETAIN_SELF = YES;
				CLANG_WARN_OBJC_LITERAL_CONVERSION = YES;
				CLANG_WARN_OBJC_ROOT_CLASS = YES_ERROR;
				CLANG_WARN_QUOTED_INCLUDE_IN_FRAMEWORK_HEADER = YES;
				CLANG_WARN_RANGE_LOOP_ANALYSIS = YES;
				CLANG_WARN_STRICT_PROTOTYPES = YES;
				CLANG_WARN_SUSPICIOUS_MOVE = YES;
				CLANG_WARN_UNGUARDED_AVAILABILITY = YES_AGGRESSIVE;
				CLANG_WARN_UNREACHABLE_CODE = YES;
				CLANG_WARN__DUPLICATE_METHOD_MATCH = YES;
				COPY_PHASE_STRIP = NO;
				DEBUG_INFORMATION_FORMAT = "dwarf-with-dsym";
				ENABLE_NS_ASSERTIONS = NO;
				ENABLE_STRICT_OBJC_MSGSEND = YES;
				GCC_C_LANGUAGE_STANDARD = gnu11;
				GCC_NO_COMMON_BLOCKS = YES;
				GCC_WARN_64_TO_32_BIT_CONVERSION = YES;
				GCC_WARN_ABOUT_RETURN_TYPE = YES_ERROR;
				GCC_WARN_UNDECLARED_SELECTOR = YES;
				GCC_WARN_UNINITIALIZED_AUTOS = YES_AGGRESSIVE;
				GCC_WARN_UNUSED_FUNCTION = YES;
				GCC_WARN_UNUSED_VARIABLE = YES;
				IPHONEOS_DEPLOYMENT_TARGET = 15.0;
				MTL_ENABLE_DEBUG_INFO = NO;
				MTL_FAST_MATH = YES;
				SDKROOT = iphoneos;
				SWIFT_COMPILATION_MODE = wholemodule;
				SWIFT_OPTIMIZATION_LEVEL = "-O";
				VALIDATE_PRODUCT = YES;
			};
			name = Release;
		};
		E98A2435291D59C00083093C /* Debug */ = {
			isa = XCBuildConfiguration;
			buildSettings = {
				ASSETCATALOG_COMPILER_APPICON_NAME = AppIcon;
				ASSETCATALOG_COMPILER_GLOBAL_ACCENT_COLOR_NAME = AccentColor;
				CODE_SIGN_STYLE = Automatic;
				CURRENT_PROJECT_VERSION = 1;
				DEVELOPMENT_TEAM = 6M88W5GW8G;
				GENERATE_INFOPLIST_FILE = YES;
				INFOPLIST_FILE = "hackathon-red-moon-ios/Info.plist";
				INFOPLIST_KEY_UIApplicationSupportsIndirectInputEvents = YES;
				INFOPLIST_KEY_UILaunchStoryboardName = LaunchScreen;
				INFOPLIST_KEY_UIMainStoryboardFile = Main;
				INFOPLIST_KEY_UISupportedInterfaceOrientations_iPad = "UIInterfaceOrientationPortrait UIInterfaceOrientationPortraitUpsideDown UIInterfaceOrientationLandscapeLeft UIInterfaceOrientationLandscapeRight";
				INFOPLIST_KEY_UISupportedInterfaceOrientations_iPhone = "UIInterfaceOrientationPortrait UIInterfaceOrientationLandscapeLeft UIInterfaceOrientationLandscapeRight";
				LD_RUNPATH_SEARCH_PATHS = (
					"$(inherited)",
					"@executable_path/Frameworks",
				);
				MARKETING_VERSION = 1.0;
				PRODUCT_BUNDLE_IDENTIFIER = "com.ya.hackathon.redmoon.hackathon-red-moon-ios";
				PRODUCT_NAME = "$(TARGET_NAME)";
				SWIFT_EMIT_LOC_STRINGS = YES;
				SWIFT_VERSION = 5.0;
				TARGETED_DEVICE_FAMILY = "1,2";
			};
			name = Debug;
		};
		E98A2436291D59C00083093C /* Release */ = {
			isa = XCBuildConfiguration;
			buildSettings = {
				ASSETCATALOG_COMPILER_APPICON_NAME = AppIcon;
				ASSETCATALOG_COMPILER_GLOBAL_ACCENT_COLOR_NAME = AccentColor;
				CODE_SIGN_STYLE = Automatic;
				CURRENT_PROJECT_VERSION = 1;
				DEVELOPMENT_TEAM = 6M88W5GW8G;
				GENERATE_INFOPLIST_FILE = YES;
				INFOPLIST_FILE = "hackathon-red-moon-ios/Info.plist";
				INFOPLIST_KEY_UIApplicationSupportsIndirectInputEvents = YES;
				INFOPLIST_KEY_UILaunchStoryboardName = LaunchScreen;
				INFOPLIST_KEY_UIMainStoryboardFile = Main;
				INFOPLIST_KEY_UISupportedInterfaceOrientations_iPad = "UIInterfaceOrientationPortrait UIInterfaceOrientationPortraitUpsideDown UIInterfaceOrientationLandscapeLeft UIInterfaceOrientationLandscapeRight";
				INFOPLIST_KEY_UISupportedInterfaceOrientations_iPhone = "UIInterfaceOrientationPortrait UIInterfaceOrientationLandscapeLeft UIInterfaceOrientationLandscapeRight";
				LD_RUNPATH_SEARCH_PATHS = (
					"$(inherited)",
					"@executable_path/Frameworks",
				);
				MARKETING_VERSION = 1.0;
				PRODUCT_BUNDLE_IDENTIFIER = "com.ya.hackathon.redmoon.hackathon-red-moon-ios";
				PRODUCT_NAME = "$(TARGET_NAME)";
				SWIFT_EMIT_LOC_STRINGS = YES;
				SWIFT_VERSION = 5.0;
				TARGETED_DEVICE_FAMILY = "1,2";
			};
			name = Release;
		};
		E98A2438291D59C00083093C /* Debug */ = {
			isa = XCBuildConfiguration;
			buildSettings = {
				ALWAYS_EMBED_SWIFT_STANDARD_LIBRARIES = YES;
				BUNDLE_LOADER = "$(TEST_HOST)";
				CODE_SIGN_STYLE = Automatic;
				CURRENT_PROJECT_VERSION = 1;
				DEVELOPMENT_TEAM = 6M88W5GW8G;
				GENERATE_INFOPLIST_FILE = YES;
				IPHONEOS_DEPLOYMENT_TARGET = 15.0;
				LD_RUNPATH_SEARCH_PATHS = (
					"$(inherited)",
					"@executable_path/Frameworks",
					"@loader_path/Frameworks",
				);
				MARKETING_VERSION = 1.0;
				PRODUCT_BUNDLE_IDENTIFIER = "com.ya.hackathon.redmoon.hackathon-red-moon-iosTests";
				PRODUCT_NAME = "$(TARGET_NAME)";
				SWIFT_EMIT_LOC_STRINGS = NO;
				SWIFT_VERSION = 5.0;
				TARGETED_DEVICE_FAMILY = "1,2";
				TEST_HOST = "$(BUILT_PRODUCTS_DIR)/hackathon-red-moon-ios.app/hackathon-red-moon-ios";
			};
			name = Debug;
		};
		E98A2439291D59C00083093C /* Release */ = {
			isa = XCBuildConfiguration;
			buildSettings = {
				ALWAYS_EMBED_SWIFT_STANDARD_LIBRARIES = YES;
				BUNDLE_LOADER = "$(TEST_HOST)";
				CODE_SIGN_STYLE = Automatic;
				CURRENT_PROJECT_VERSION = 1;
				DEVELOPMENT_TEAM = 6M88W5GW8G;
				GENERATE_INFOPLIST_FILE = YES;
				IPHONEOS_DEPLOYMENT_TARGET = 15.0;
				LD_RUNPATH_SEARCH_PATHS = (
					"$(inherited)",
					"@executable_path/Frameworks",
					"@loader_path/Frameworks",
				);
				MARKETING_VERSION = 1.0;
				PRODUCT_BUNDLE_IDENTIFIER = "com.ya.hackathon.redmoon.hackathon-red-moon-iosTests";
				PRODUCT_NAME = "$(TARGET_NAME)";
				SWIFT_EMIT_LOC_STRINGS = NO;
				SWIFT_VERSION = 5.0;
				TARGETED_DEVICE_FAMILY = "1,2";
				TEST_HOST = "$(BUILT_PRODUCTS_DIR)/hackathon-red-moon-ios.app/hackathon-red-moon-ios";
			};
			name = Release;
		};
		E98A243B291D59C00083093C /* Debug */ = {
			isa = XCBuildConfiguration;
			buildSettings = {
				ALWAYS_EMBED_SWIFT_STANDARD_LIBRARIES = YES;
				CODE_SIGN_STYLE = Automatic;
				CURRENT_PROJECT_VERSION = 1;
				DEVELOPMENT_TEAM = 6M88W5GW8G;
				GENERATE_INFOPLIST_FILE = YES;
				LD_RUNPATH_SEARCH_PATHS = (
					"$(inherited)",
					"@executable_path/Frameworks",
					"@loader_path/Frameworks",
				);
				MARKETING_VERSION = 1.0;
				PRODUCT_BUNDLE_IDENTIFIER = "com.ya.hackathon.redmoon.hackathon-red-moon-iosUITests";
				PRODUCT_NAME = "$(TARGET_NAME)";
				SWIFT_EMIT_LOC_STRINGS = NO;
				SWIFT_VERSION = 5.0;
				TARGETED_DEVICE_FAMILY = "1,2";
				TEST_TARGET_NAME = "hackathon-red-moon-ios";
			};
			name = Debug;
		};
		E98A243C291D59C00083093C /* Release */ = {
			isa = XCBuildConfiguration;
			buildSettings = {
				ALWAYS_EMBED_SWIFT_STANDARD_LIBRARIES = YES;
				CODE_SIGN_STYLE = Automatic;
				CURRENT_PROJECT_VERSION = 1;
				DEVELOPMENT_TEAM = 6M88W5GW8G;
				GENERATE_INFOPLIST_FILE = YES;
				LD_RUNPATH_SEARCH_PATHS = (
					"$(inherited)",
					"@executable_path/Frameworks",
					"@loader_path/Frameworks",
				);
				MARKETING_VERSION = 1.0;
				PRODUCT_BUNDLE_IDENTIFIER = "com.ya.hackathon.redmoon.hackathon-red-moon-iosUITests";
				PRODUCT_NAME = "$(TARGET_NAME)";
				SWIFT_EMIT_LOC_STRINGS = NO;
				SWIFT_VERSION = 5.0;
				TARGETED_DEVICE_FAMILY = "1,2";
				TEST_TARGET_NAME = "hackathon-red-moon-ios";
			};
			name = Release;
		};
/* End XCBuildConfiguration section */

/* Begin XCConfigurationList section */
		E98A2405291D59BD0083093C /* Build configuration list for PBXProject "hackathon-red-moon-ios" */ = {
			isa = XCConfigurationList;
			buildConfigurations = (
				E98A2432291D59C00083093C /* Debug */,
				E98A2433291D59C00083093C /* Release */,
			);
			defaultConfigurationIsVisible = 0;
			defaultConfigurationName = Release;
		};
		E98A2434291D59C00083093C /* Build configuration list for PBXNativeTarget "hackathon-red-moon-ios" */ = {
			isa = XCConfigurationList;
			buildConfigurations = (
				E98A2435291D59C00083093C /* Debug */,
				E98A2436291D59C00083093C /* Release */,
			);
			defaultConfigurationIsVisible = 0;
			defaultConfigurationName = Release;
		};
		E98A2437291D59C00083093C /* Build configuration list for PBXNativeTarget "hackathon-red-moon-iosTests" */ = {
			isa = XCConfigurationList;
			buildConfigurations = (
				E98A2438291D59C00083093C /* Debug */,
				E98A2439291D59C00083093C /* Release */,
			);
			defaultConfigurationIsVisible = 0;
			defaultConfigurationName = Release;
		};
		E98A243A291D59C00083093C /* Build configuration list for PBXNativeTarget "hackathon-red-moon-iosUITests" */ = {
			isa = XCConfigurationList;
			buildConfigurations = (
				E98A243B291D59C00083093C /* Debug */,
				E98A243C291D59C00083093C /* Release */,
			);
			defaultConfigurationIsVisible = 0;
			defaultConfigurationName = Release;
		};
/* End XCConfigurationList section */
	};
	rootObject = E98A2402291D59BD0083093C /* Project object */;
}
