// !$*UTF8*$!
{
	archiveVersion = 1;
	classes = {
	};
	objectVersion = 55;
	objects = {

/* Begin PBXBuildFile section */
		E935941E291E36BE00138329 /* MainScene.swift in Sources */ = {isa = PBXBuildFile; fileRef = E935941D291E36BE00138329 /* MainScene.swift */; };
		E9359420291E36CA00138329 /* MainVC.swift in Sources */ = {isa = PBXBuildFile; fileRef = E935941F291E36CA00138329 /* MainVC.swift */; };
		E935942E291E3B8900138329 /* SDWebImage in Frameworks */ = {isa = PBXBuildFile; productRef = E935942D291E3B8900138329 /* SDWebImage */; };
		E9359432291E484200138329 /* GridLayout.swift in Sources */ = {isa = PBXBuildFile; fileRef = E9359431291E484200138329 /* GridLayout.swift */; };
		E9359435291E4A1D00138329 /* BannerView.swift in Sources */ = {isa = PBXBuildFile; fileRef = E9359434291E4A1D00138329 /* BannerView.swift */; };
		E9359438291E4A2D00138329 /* SliderView.swift in Sources */ = {isa = PBXBuildFile; fileRef = E9359436291E4A2D00138329 /* SliderView.swift */; };
		E9359439291E4A2D00138329 /* SliderViewModel.swift in Sources */ = {isa = PBXBuildFile; fileRef = E9359437291E4A2D00138329 /* SliderViewModel.swift */; };
		E935943E291E4A3C00138329 /* HomeScreenViewModel.swift in Sources */ = {isa = PBXBuildFile; fileRef = E935943A291E4A3C00138329 /* HomeScreenViewModel.swift */; };
		E935943F291E4A3C00138329 /* HomeViewModel.swift in Sources */ = {isa = PBXBuildFile; fileRef = E935943B291E4A3C00138329 /* HomeViewModel.swift */; };
		E9359440291E4A3C00138329 /* HomeView.swift in Sources */ = {isa = PBXBuildFile; fileRef = E935943C291E4A3C00138329 /* HomeView.swift */; };
		E9359441291E4A3C00138329 /* HomeScreen.swift in Sources */ = {isa = PBXBuildFile; fileRef = E935943D291E4A3C00138329 /* HomeScreen.swift */; };
		E9359445291E4A4700138329 /* ServiceView.swift in Sources */ = {isa = PBXBuildFile; fileRef = E9359442291E4A4700138329 /* ServiceView.swift */; };
		E9359446291E4A4700138329 /* ServiceViewModel.swift in Sources */ = {isa = PBXBuildFile; fileRef = E9359443291E4A4700138329 /* ServiceViewModel.swift */; };
		E9359447291E4A4700138329 /* ShortcutView.swift in Sources */ = {isa = PBXBuildFile; fileRef = E9359444291E4A4700138329 /* ShortcutView.swift */; };
		E935944A291E4A5300138329 /* HeaderViewModel.swift in Sources */ = {isa = PBXBuildFile; fileRef = E9359448291E4A5300138329 /* HeaderViewModel.swift */; };
		E935944B291E4A5300138329 /* HeaderView.swift in Sources */ = {isa = PBXBuildFile; fileRef = E9359449291E4A5300138329 /* HeaderView.swift */; };
		E9359452291E4C5F00138329 /* Slider.swift in Sources */ = {isa = PBXBuildFile; fileRef = E935944C291E4C5E00138329 /* Slider.swift */; };
		E9359453291E4C5F00138329 /* Component.swift in Sources */ = {isa = PBXBuildFile; fileRef = E935944D291E4C5F00138329 /* Component.swift */; };
		E9359454291E4C5F00138329 /* Shortcut.swift in Sources */ = {isa = PBXBuildFile; fileRef = E935944E291E4C5F00138329 /* Shortcut.swift */; };
		E9359455291E4C5F00138329 /* Service.swift in Sources */ = {isa = PBXBuildFile; fileRef = E935944F291E4C5F00138329 /* Service.swift */; };
		E9359456291E4C5F00138329 /* Platform.swift in Sources */ = {isa = PBXBuildFile; fileRef = E9359450291E4C5F00138329 /* Platform.swift */; };
		E9359457291E4C5F00138329 /* Banner.swift in Sources */ = {isa = PBXBuildFile; fileRef = E9359451291E4C5F00138329 /* Banner.swift */; };
		E935945A291E4E7000138329 /* ImageLoader.swift in Sources */ = {isa = PBXBuildFile; fileRef = E9359458291E4E7000138329 /* ImageLoader.swift */; };
		E935945B291E4E7000138329 /* ImageView.swift in Sources */ = {isa = PBXBuildFile; fileRef = E9359459291E4E7000138329 /* ImageView.swift */; };
		E935945D291E4E7800138329 /* CircledButton.swift in Sources */ = {isa = PBXBuildFile; fileRef = E935945C291E4E7800138329 /* CircledButton.swift */; };
		E9359460291E4E8600138329 /* EmptyStateView.swift in Sources */ = {isa = PBXBuildFile; fileRef = E935945E291E4E8600138329 /* EmptyStateView.swift */; };
		E9359461291E4E8600138329 /* LoadingView.swift in Sources */ = {isa = PBXBuildFile; fileRef = E935945F291E4E8600138329 /* LoadingView.swift */; };
		E9359464291E501600138329 /* SafariView.swift in Sources */ = {isa = PBXBuildFile; fileRef = E9359462291E501600138329 /* SafariView.swift */; };
		E9359465291E501600138329 /* ShimmerView.swift in Sources */ = {isa = PBXBuildFile; fileRef = E9359463291E501600138329 /* ShimmerView.swift */; };
		E9359467291E516A00138329 /* Bundle.swift in Sources */ = {isa = PBXBuildFile; fileRef = E9359466291E516A00138329 /* Bundle.swift */; };
		E935946A291E68BE00138329 /* ServiceDetailsListView.swift in Sources */ = {isa = PBXBuildFile; fileRef = E9359469291E68BE00138329 /* ServiceDetailsListView.swift */; };
		E9647728291E6E5700E8E35F /* Stevia in Frameworks */ = {isa = PBXBuildFile; productRef = E9647727291E6E5700E8E35F /* Stevia */; };
		E964772A291E707100E8E35F /* ServiceDetailsListVC.swift in Sources */ = {isa = PBXBuildFile; fileRef = E9647729291E707100E8E35F /* ServiceDetailsListVC.swift */; };
		E98A240E291D59BD0083093C /* AppDelegate.swift in Sources */ = {isa = PBXBuildFile; fileRef = E98A240D291D59BD0083093C /* AppDelegate.swift */; };
		E98A2417291D59C00083093C /* Assets.xcassets in Resources */ = {isa = PBXBuildFile; fileRef = E98A2416291D59C00083093C /* Assets.xcassets */; };
		E98A241A291D59C00083093C /* LaunchScreen.storyboard in Resources */ = {isa = PBXBuildFile; fileRef = E98A2418291D59C00083093C /* LaunchScreen.storyboard */; };
		E98A2425291D59C00083093C /* hackathon_red_moon_iosTests.swift in Sources */ = {isa = PBXBuildFile; fileRef = E98A2424291D59C00083093C /* hackathon_red_moon_iosTests.swift */; };
		E98A242F291D59C00083093C /* hackathon_red_moon_iosUITests.swift in Sources */ = {isa = PBXBuildFile; fileRef = E98A242E291D59C00083093C /* hackathon_red_moon_iosUITests.swift */; };
		E98A2431291D59C00083093C /* hackathon_red_moon_iosUITestsLaunchTests.swift in Sources */ = {isa = PBXBuildFile; fileRef = E98A2430291D59C00083093C /* hackathon_red_moon_iosUITestsLaunchTests.swift */; };
		E98A2445291D5AEE0083093C /* LaunchScene.swift in Sources */ = {isa = PBXBuildFile; fileRef = E98A2443291D5AEE0083093C /* LaunchScene.swift */; };
		E98A2446291D5AEE0083093C /* LaunchVC.swift in Sources */ = {isa = PBXBuildFile; fileRef = E98A2444291D5AEE0083093C /* LaunchVC.swift */; };
		E98A2449291D5BC10083093C /* TabBarController.swift in Sources */ = {isa = PBXBuildFile; fileRef = E98A2448291D5BC10083093C /* TabBarController.swift */; };
		E98A244D291D5C270083093C /* SignScene.swift in Sources */ = {isa = PBXBuildFile; fileRef = E98A244B291D5C270083093C /* SignScene.swift */; };
		E98A244E291D5C270083093C /* SignVC.swift in Sources */ = {isa = PBXBuildFile; fileRef = E98A244C291D5C270083093C /* SignVC.swift */; };
		E98A2456291D5CA40083093C /* Keychain.swift in Sources */ = {isa = PBXBuildFile; fileRef = E98A2450291D5CA40083093C /* Keychain.swift */; };
		E98A2457291D5CA40083093C /* NetworkManager.swift in Sources */ = {isa = PBXBuildFile; fileRef = E98A2451291D5CA40083093C /* NetworkManager.swift */; };
		E98A2458291D5CA40083093C /* PairedViewController.swift in Sources */ = {isa = PBXBuildFile; fileRef = E98A2452291D5CA40083093C /* PairedViewController.swift */; };
		E98A2459291D5CA40083093C /* UserDefaultsManager.swift in Sources */ = {isa = PBXBuildFile; fileRef = E98A2453291D5CA40083093C /* UserDefaultsManager.swift */; };
		E98A245A291D5CA40083093C /* Constants.swift in Sources */ = {isa = PBXBuildFile; fileRef = E98A2454291D5CA40083093C /* Constants.swift */; };
		E98A245E291D5DAF0083093C /* UIView+Extension.swift in Sources */ = {isa = PBXBuildFile; fileRef = E98A245D291D5DAF0083093C /* UIView+Extension.swift */; };
		E98A2461291D61910083093C /* YassirUI in Frameworks */ = {isa = PBXBuildFile; productRef = E98A2460291D61910083093C /* YassirUI */; };
		E98A2464291D63F50083093C /* YassirAuthUI in Frameworks */ = {isa = PBXBuildFile; productRef = E98A2463291D63F50083093C /* YassirAuthUI */; };
		E98A2466291D68B90083093C /* Localize.swift in Sources */ = {isa = PBXBuildFile; fileRef = E98A2465291D68B90083093C /* Localize.swift */; };
		E98A2468291D776E0083093C /* AuthHelper.swift in Sources */ = {isa = PBXBuildFile; fileRef = E98A2467291D776E0083093C /* AuthHelper.swift */; };
		E98A246A291D79230083093C /* Localizable.strings in Resources */ = {isa = PBXBuildFile; fileRef = E98A2469291D79230083093C /* Localizable.strings */; };
		E98A246E291D7A740083093C /* YassirAuth-Info.plist in Resources */ = {isa = PBXBuildFile; fileRef = E98A246D291D7A740083093C /* YassirAuth-Info.plist */; };
		E98A2476291D9DF60083093C /* YassirAppKit in Frameworks */ = {isa = PBXBuildFile; productRef = E98A2475291D9DF60083093C /* YassirAppKit */; };
		E98A247A291DA4BE0083093C /* YassirHome-Config.plist in Resources */ = {isa = PBXBuildFile; fileRef = E98A2479291DA4BE0083093C /* YassirHome-Config.plist */; };
		E98A247C291DA55B0083093C /* UIImage+Extension.swift in Sources */ = {isa = PBXBuildFile; fileRef = E98A247B291DA55B0083093C /* UIImage+Extension.swift */; };
/* End PBXBuildFile section */

/* Begin PBXContainerItemProxy section */
		E98A2421291D59C00083093C /* PBXContainerItemProxy */ = {
			isa = PBXContainerItemProxy;
			containerPortal = E98A2402291D59BD0083093C /* Project object */;
			proxyType = 1;
			remoteGlobalIDString = E98A2409291D59BD0083093C;
			remoteInfo = "hackathon-red-moon-ios";
		};
		E98A242B291D59C00083093C /* PBXContainerItemProxy */ = {
			isa = PBXContainerItemProxy;
			containerPortal = E98A2402291D59BD0083093C /* Project object */;
			proxyType = 1;
			remoteGlobalIDString = E98A2409291D59BD0083093C;
			remoteInfo = "hackathon-red-moon-ios";
		};
/* End PBXContainerItemProxy section */

/* Begin PBXFileReference section */
		E935941D291E36BE00138329 /* MainScene.swift */ = {isa = PBXFileReference; lastKnownFileType = sourcecode.swift; path = MainScene.swift; sourceTree = "<group>"; };
		E935941F291E36CA00138329 /* MainVC.swift */ = {isa = PBXFileReference; lastKnownFileType = sourcecode.swift; name = MainVC.swift; path = MainVC/MainVC.swift; sourceTree = "<group>"; };
		E9359431291E484200138329 /* GridLayout.swift */ = {isa = PBXFileReference; lastKnownFileType = sourcecode.swift; path = GridLayout.swift; sourceTree = "<group>"; };
		E9359434291E4A1D00138329 /* BannerView.swift */ = {isa = PBXFileReference; fileEncoding = 4; lastKnownFileType = sourcecode.swift; path = BannerView.swift; sourceTree = "<group>"; };
		E9359436291E4A2D00138329 /* SliderView.swift */ = {isa = PBXFileReference; fileEncoding = 4; lastKnownFileType = sourcecode.swift; path = SliderView.swift; sourceTree = "<group>"; };
		E9359437291E4A2D00138329 /* SliderViewModel.swift */ = {isa = PBXFileReference; fileEncoding = 4; lastKnownFileType = sourcecode.swift; path = SliderViewModel.swift; sourceTree = "<group>"; };
		E935943A291E4A3C00138329 /* HomeScreenViewModel.swift */ = {isa = PBXFileReference; fileEncoding = 4; lastKnownFileType = sourcecode.swift; path = HomeScreenViewModel.swift; sourceTree = "<group>"; };
		E935943B291E4A3C00138329 /* HomeViewModel.swift */ = {isa = PBXFileReference; fileEncoding = 4; lastKnownFileType = sourcecode.swift; path = HomeViewModel.swift; sourceTree = "<group>"; };
		E935943C291E4A3C00138329 /* HomeView.swift */ = {isa = PBXFileReference; fileEncoding = 4; lastKnownFileType = sourcecode.swift; path = HomeView.swift; sourceTree = "<group>"; };
		E935943D291E4A3C00138329 /* HomeScreen.swift */ = {isa = PBXFileReference; fileEncoding = 4; lastKnownFileType = sourcecode.swift; path = HomeScreen.swift; sourceTree = "<group>"; };
		E9359442291E4A4700138329 /* ServiceView.swift */ = {isa = PBXFileReference; fileEncoding = 4; lastKnownFileType = sourcecode.swift; path = ServiceView.swift; sourceTree = "<group>"; };
		E9359443291E4A4700138329 /* ServiceViewModel.swift */ = {isa = PBXFileReference; fileEncoding = 4; lastKnownFileType = sourcecode.swift; path = ServiceViewModel.swift; sourceTree = "<group>"; };
		E9359444291E4A4700138329 /* ShortcutView.swift */ = {isa = PBXFileReference; fileEncoding = 4; lastKnownFileType = sourcecode.swift; path = ShortcutView.swift; sourceTree = "<group>"; };
		E9359448291E4A5300138329 /* HeaderViewModel.swift */ = {isa = PBXFileReference; fileEncoding = 4; lastKnownFileType = sourcecode.swift; path = HeaderViewModel.swift; sourceTree = "<group>"; };
		E9359449291E4A5300138329 /* HeaderView.swift */ = {isa = PBXFileReference; fileEncoding = 4; lastKnownFileType = sourcecode.swift; path = HeaderView.swift; sourceTree = "<group>"; };
		E935944C291E4C5E00138329 /* Slider.swift */ = {isa = PBXFileReference; fileEncoding = 4; lastKnownFileType = sourcecode.swift; path = Slider.swift; sourceTree = "<group>"; };
		E935944D291E4C5F00138329 /* Component.swift */ = {isa = PBXFileReference; fileEncoding = 4; lastKnownFileType = sourcecode.swift; path = Component.swift; sourceTree = "<group>"; };
		E935944E291E4C5F00138329 /* Shortcut.swift */ = {isa = PBXFileReference; fileEncoding = 4; lastKnownFileType = sourcecode.swift; path = Shortcut.swift; sourceTree = "<group>"; };
		E935944F291E4C5F00138329 /* Service.swift */ = {isa = PBXFileReference; fileEncoding = 4; lastKnownFileType = sourcecode.swift; path = Service.swift; sourceTree = "<group>"; };
		E9359450291E4C5F00138329 /* Platform.swift */ = {isa = PBXFileReference; fileEncoding = 4; lastKnownFileType = sourcecode.swift; path = Platform.swift; sourceTree = "<group>"; };
		E9359451291E4C5F00138329 /* Banner.swift */ = {isa = PBXFileReference; fileEncoding = 4; lastKnownFileType = sourcecode.swift; path = Banner.swift; sourceTree = "<group>"; };
		E9359458291E4E7000138329 /* ImageLoader.swift */ = {isa = PBXFileReference; fileEncoding = 4; lastKnownFileType = sourcecode.swift; path = ImageLoader.swift; sourceTree = "<group>"; };
		E9359459291E4E7000138329 /* ImageView.swift */ = {isa = PBXFileReference; fileEncoding = 4; lastKnownFileType = sourcecode.swift; path = ImageView.swift; sourceTree = "<group>"; };
		E935945C291E4E7800138329 /* CircledButton.swift */ = {isa = PBXFileReference; fileEncoding = 4; lastKnownFileType = sourcecode.swift; path = CircledButton.swift; sourceTree = "<group>"; };
		E935945E291E4E8600138329 /* EmptyStateView.swift */ = {isa = PBXFileReference; fileEncoding = 4; lastKnownFileType = sourcecode.swift; path = EmptyStateView.swift; sourceTree = "<group>"; };
		E935945F291E4E8600138329 /* LoadingView.swift */ = {isa = PBXFileReference; fileEncoding = 4; lastKnownFileType = sourcecode.swift; path = LoadingView.swift; sourceTree = "<group>"; };
		E9359462291E501600138329 /* SafariView.swift */ = {isa = PBXFileReference; fileEncoding = 4; lastKnownFileType = sourcecode.swift; path = SafariView.swift; sourceTree = "<group>"; };
		E9359463291E501600138329 /* ShimmerView.swift */ = {isa = PBXFileReference; fileEncoding = 4; lastKnownFileType = sourcecode.swift; path = ShimmerView.swift; sourceTree = "<group>"; };
		E9359466291E516A00138329 /* Bundle.swift */ = {isa = PBXFileReference; fileEncoding = 4; lastKnownFileType = sourcecode.swift; path = Bundle.swift; sourceTree = "<group>"; };
		E9359469291E68BE00138329 /* ServiceDetailsListView.swift */ = {isa = PBXFileReference; lastKnownFileType = sourcecode.swift; path = ServiceDetailsListView.swift; sourceTree = "<group>"; };
		E9647729291E707100E8E35F /* ServiceDetailsListVC.swift */ = {isa = PBXFileReference; lastKnownFileType = sourcecode.swift; path = ServiceDetailsListVC.swift; sourceTree = "<group>"; };
		E98A240A291D59BD0083093C /* hackathon-red-moon-ios.app */ = {isa = PBXFileReference; explicitFileType = wrapper.application; includeInIndex = 0; path = "hackathon-red-moon-ios.app"; sourceTree = BUILT_PRODUCTS_DIR; };
		E98A240D291D59BD0083093C /* AppDelegate.swift */ = {isa = PBXFileReference; lastKnownFileType = sourcecode.swift; path = AppDelegate.swift; sourceTree = "<group>"; };
		E98A2416291D59C00083093C /* Assets.xcassets */ = {isa = PBXFileReference; lastKnownFileType = folder.assetcatalog; path = Assets.xcassets; sourceTree = "<group>"; };
		E98A2419291D59C00083093C /* Base */ = {isa = PBXFileReference; lastKnownFileType = file.storyboard; name = Base; path = Base.lproj/LaunchScreen.storyboard; sourceTree = "<group>"; };
		E98A241B291D59C00083093C /* Info.plist */ = {isa = PBXFileReference; lastKnownFileType = text.plist.xml; path = Info.plist; sourceTree = "<group>"; };
		E98A2420291D59C00083093C /* hackathon-red-moon-iosTests.xctest */ = {isa = PBXFileReference; explicitFileType = wrapper.cfbundle; includeInIndex = 0; path = "hackathon-red-moon-iosTests.xctest"; sourceTree = BUILT_PRODUCTS_DIR; };
		E98A2424291D59C00083093C /* hackathon_red_moon_iosTests.swift */ = {isa = PBXFileReference; lastKnownFileType = sourcecode.swift; path = hackathon_red_moon_iosTests.swift; sourceTree = "<group>"; };
		E98A242A291D59C00083093C /* hackathon-red-moon-iosUITests.xctest */ = {isa = PBXFileReference; explicitFileType = wrapper.cfbundle; includeInIndex = 0; path = "hackathon-red-moon-iosUITests.xctest"; sourceTree = BUILT_PRODUCTS_DIR; };
		E98A242E291D59C00083093C /* hackathon_red_moon_iosUITests.swift */ = {isa = PBXFileReference; lastKnownFileType = sourcecode.swift; path = hackathon_red_moon_iosUITests.swift; sourceTree = "<group>"; };
		E98A2430291D59C00083093C /* hackathon_red_moon_iosUITestsLaunchTests.swift */ = {isa = PBXFileReference; lastKnownFileType = sourcecode.swift; path = hackathon_red_moon_iosUITestsLaunchTests.swift; sourceTree = "<group>"; };
		E98A2443291D5AEE0083093C /* LaunchScene.swift */ = {isa = PBXFileReference; fileEncoding = 4; lastKnownFileType = sourcecode.swift; path = LaunchScene.swift; sourceTree = "<group>"; };
		E98A2444291D5AEE0083093C /* LaunchVC.swift */ = {isa = PBXFileReference; fileEncoding = 4; lastKnownFileType = sourcecode.swift; path = LaunchVC.swift; sourceTree = "<group>"; };
		E98A2448291D5BC10083093C /* TabBarController.swift */ = {isa = PBXFileReference; fileEncoding = 4; lastKnownFileType = sourcecode.swift; path = TabBarController.swift; sourceTree = "<group>"; };
		E98A244B291D5C270083093C /* SignScene.swift */ = {isa = PBXFileReference; fileEncoding = 4; lastKnownFileType = sourcecode.swift; path = SignScene.swift; sourceTree = "<group>"; };
		E98A244C291D5C270083093C /* SignVC.swift */ = {isa = PBXFileReference; fileEncoding = 4; lastKnownFileType = sourcecode.swift; path = SignVC.swift; sourceTree = "<group>"; };
		E98A2450291D5CA40083093C /* Keychain.swift */ = {isa = PBXFileReference; fileEncoding = 4; lastKnownFileType = sourcecode.swift; path = Keychain.swift; sourceTree = "<group>"; };
		E98A2451291D5CA40083093C /* NetworkManager.swift */ = {isa = PBXFileReference; fileEncoding = 4; lastKnownFileType = sourcecode.swift; path = NetworkManager.swift; sourceTree = "<group>"; };
		E98A2452291D5CA40083093C /* PairedViewController.swift */ = {isa = PBXFileReference; fileEncoding = 4; lastKnownFileType = sourcecode.swift; path = PairedViewController.swift; sourceTree = "<group>"; };
		E98A2453291D5CA40083093C /* UserDefaultsManager.swift */ = {isa = PBXFileReference; fileEncoding = 4; lastKnownFileType = sourcecode.swift; path = UserDefaultsManager.swift; sourceTree = "<group>"; };
		E98A2454291D5CA40083093C /* Constants.swift */ = {isa = PBXFileReference; fileEncoding = 4; lastKnownFileType = sourcecode.swift; path = Constants.swift; sourceTree = "<group>"; };
		E98A245D291D5DAF0083093C /* UIView+Extension.swift */ = {isa = PBXFileReference; fileEncoding = 4; lastKnownFileType = sourcecode.swift; path = "UIView+Extension.swift"; sourceTree = "<group>"; };
		E98A2465291D68B90083093C /* Localize.swift */ = {isa = PBXFileReference; lastKnownFileType = sourcecode.swift; path = Localize.swift; sourceTree = "<group>"; };
		E98A2467291D776E0083093C /* AuthHelper.swift */ = {isa = PBXFileReference; lastKnownFileType = sourcecode.swift; path = AuthHelper.swift; sourceTree = "<group>"; };
		E98A2469291D79230083093C /* Localizable.strings */ = {isa = PBXFileReference; fileEncoding = 4; lastKnownFileType = text.plist.strings; path = Localizable.strings; sourceTree = "<group>"; };
		E98A246D291D7A740083093C /* YassirAuth-Info.plist */ = {isa = PBXFileReference; fileEncoding = 4; lastKnownFileType = text.plist.xml; path = "YassirAuth-Info.plist"; sourceTree = "<group>"; };
		E98A2479291DA4BE0083093C /* YassirHome-Config.plist */ = {isa = PBXFileReference; fileEncoding = 4; lastKnownFileType = text.plist.xml; path = "YassirHome-Config.plist"; sourceTree = "<group>"; };
		E98A247B291DA55B0083093C /* UIImage+Extension.swift */ = {isa = PBXFileReference; lastKnownFileType = sourcecode.swift; path = "UIImage+Extension.swift"; sourceTree = "<group>"; };
/* End PBXFileReference section */

/* Begin PBXFrameworksBuildPhase section */
		E98A2407291D59BD0083093C /* Frameworks */ = {
			isa = PBXFrameworksBuildPhase;
			buildActionMask = 2147483647;
			files = (
				E9647728291E6E5700E8E35F /* Stevia in Frameworks */,
				E98A2461291D61910083093C /* YassirUI in Frameworks */,
				E98A2464291D63F50083093C /* YassirAuthUI in Frameworks */,
				E935942E291E3B8900138329 /* SDWebImage in Frameworks */,
				E98A2476291D9DF60083093C /* YassirAppKit in Frameworks */,
			);
			runOnlyForDeploymentPostprocessing = 0;
		};
		E98A241D291D59C00083093C /* Frameworks */ = {
			isa = PBXFrameworksBuildPhase;
			buildActionMask = 2147483647;
			files = (
			);
			runOnlyForDeploymentPostprocessing = 0;
		};
		E98A2427291D59C00083093C /* Frameworks */ = {
			isa = PBXFrameworksBuildPhase;
			buildActionMask = 2147483647;
			files = (
			);
			runOnlyForDeploymentPostprocessing = 0;
		};
/* End PBXFrameworksBuildPhase section */

/* Begin PBXGroup section */
		E9359433291E49FD00138329 /* Main */ = {
			isa = PBXGroup;
			children = (
				E9359449291E4A5300138329 /* HeaderView.swift */,
				E9359448291E4A5300138329 /* HeaderViewModel.swift */,
				E9359442291E4A4700138329 /* ServiceView.swift */,
				E9359443291E4A4700138329 /* ServiceViewModel.swift */,
				E9359444291E4A4700138329 /* ShortcutView.swift */,
				E935943D291E4A3C00138329 /* HomeScreen.swift */,
				E935943A291E4A3C00138329 /* HomeScreenViewModel.swift */,
				E935943C291E4A3C00138329 /* HomeView.swift */,
				E935943B291E4A3C00138329 /* HomeViewModel.swift */,
				E9359436291E4A2D00138329 /* SliderView.swift */,
				E9359437291E4A2D00138329 /* SliderViewModel.swift */,
				E9359434291E4A1D00138329 /* BannerView.swift */,
			);
			path = Main;
			sourceTree = "<group>";
		};
		E9359468291E68A500138329 /* TrainingVC */ = {
			isa = PBXGroup;
			children = (
				E9359469291E68BE00138329 /* ServiceDetailsListView.swift */,
				E9647729291E707100E8E35F /* ServiceDetailsListVC.swift */,
			);
			path = TrainingVC;
			sourceTree = "<group>";
		};
		E98A2401291D59BD0083093C = {
			isa = PBXGroup;
			children = (
				E98A240C291D59BD0083093C /* hackathon-red-moon-ios */,
				E98A2423291D59C00083093C /* hackathon-red-moon-iosTests */,
				E98A242D291D59C00083093C /* hackathon-red-moon-iosUITests */,
				E98A240B291D59BD0083093C /* Products */,
			);
			sourceTree = "<group>";
		};
		E98A240B291D59BD0083093C /* Products */ = {
			isa = PBXGroup;
			children = (
				E98A240A291D59BD0083093C /* hackathon-red-moon-ios.app */,
				E98A2420291D59C00083093C /* hackathon-red-moon-iosTests.xctest */,
				E98A242A291D59C00083093C /* hackathon-red-moon-iosUITests.xctest */,
			);
			name = Products;
			sourceTree = "<group>";
		};
		E98A240C291D59BD0083093C /* hackathon-red-moon-ios */ = {
			isa = PBXGroup;
			children = (
				E98A2447291D5B150083093C /* Application */,
				E98A243F291D5ABB0083093C /* Scenes */,
				E98A244F291D5C510083093C /* Utilities */,
			);
			path = "hackathon-red-moon-ios";
			sourceTree = "<group>";
		};
		E98A2423291D59C00083093C /* hackathon-red-moon-iosTests */ = {
			isa = PBXGroup;
			children = (
				E98A2424291D59C00083093C /* hackathon_red_moon_iosTests.swift */,
			);
			path = "hackathon-red-moon-iosTests";
			sourceTree = "<group>";
		};
		E98A242D291D59C00083093C /* hackathon-red-moon-iosUITests */ = {
			isa = PBXGroup;
			children = (
				E98A242E291D59C00083093C /* hackathon_red_moon_iosUITests.swift */,
				E98A2430291D59C00083093C /* hackathon_red_moon_iosUITestsLaunchTests.swift */,
			);
			path = "hackathon-red-moon-iosUITests";
			sourceTree = "<group>";
		};
		E98A243F291D5ABB0083093C /* Scenes */ = {
			isa = PBXGroup;
			children = (
				E9359468291E68A500138329 /* TrainingVC */,
				E98A244A291D5C160083093C /* SignVC */,
				E98A2442291D5AE20083093C /* LaunchVC */,
				E9359433291E49FD00138329 /* Main */,
				E935941D291E36BE00138329 /* MainScene.swift */,
				E935941F291E36CA00138329 /* MainVC.swift */,
				E98A245C291D5D690083093C /* Extensions */,
				E98A2448291D5BC10083093C /* TabBarController.swift */,
			);
			path = Scenes;
			sourceTree = "<group>";
		};
		E98A2442291D5AE20083093C /* LaunchVC */ = {
			isa = PBXGroup;
			children = (
				E98A2443291D5AEE0083093C /* LaunchScene.swift */,
				E98A2444291D5AEE0083093C /* LaunchVC.swift */,
			);
			path = LaunchVC;
			sourceTree = "<group>";
		};
		E98A2447291D5B150083093C /* Application */ = {
			isa = PBXGroup;
			children = (
				E98A2416291D59C00083093C /* Assets.xcassets */,
				E98A2469291D79230083093C /* Localizable.strings */,
				E98A240D291D59BD0083093C /* AppDelegate.swift */,
				E98A2418291D59C00083093C /* LaunchScreen.storyboard */,
				E98A241B291D59C00083093C /* Info.plist */,
				E98A246D291D7A740083093C /* YassirAuth-Info.plist */,
				E98A2479291DA4BE0083093C /* YassirHome-Config.plist */,
			);
			path = Application;
			sourceTree = "<group>";
		};
		E98A244A291D5C160083093C /* SignVC */ = {
			isa = PBXGroup;
			children = (
				E98A244B291D5C270083093C /* SignScene.swift */,
				E98A244C291D5C270083093C /* SignVC.swift */,
			);
			path = SignVC;
			sourceTree = "<group>";
		};
		E98A244F291D5C510083093C /* Utilities */ = {
			isa = PBXGroup;
			children = (
				E9359462291E501600138329 /* SafariView.swift */,
				E9359463291E501600138329 /* ShimmerView.swift */,
				E935945E291E4E8600138329 /* EmptyStateView.swift */,
				E935945F291E4E8600138329 /* LoadingView.swift */,
				E935945C291E4E7800138329 /* CircledButton.swift */,
				E9359458291E4E7000138329 /* ImageLoader.swift */,
				E9359459291E4E7000138329 /* ImageView.swift */,
				E9359451291E4C5F00138329 /* Banner.swift */,
				E935944D291E4C5F00138329 /* Component.swift */,
				E9359450291E4C5F00138329 /* Platform.swift */,
				E935944F291E4C5F00138329 /* Service.swift */,
				E935944E291E4C5F00138329 /* Shortcut.swift */,
				E935944C291E4C5E00138329 /* Slider.swift */,
				E98A2454291D5CA40083093C /* Constants.swift */,
				E98A2450291D5CA40083093C /* Keychain.swift */,
				E98A2451291D5CA40083093C /* NetworkManager.swift */,
				E98A2452291D5CA40083093C /* PairedViewController.swift */,
				E98A2453291D5CA40083093C /* UserDefaultsManager.swift */,
				E98A2465291D68B90083093C /* Localize.swift */,
				E98A2467291D776E0083093C /* AuthHelper.swift */,
				E9359431291E484200138329 /* GridLayout.swift */,
			);
			path = Utilities;
			sourceTree = "<group>";
		};
		E98A245C291D5D690083093C /* Extensions */ = {
			isa = PBXGroup;
			children = (
				E9359466291E516A00138329 /* Bundle.swift */,
				E98A245D291D5DAF0083093C /* UIView+Extension.swift */,
				E98A247B291DA55B0083093C /* UIImage+Extension.swift */,
			);
			path = Extensions;
			sourceTree = "<group>";
		};
/* End PBXGroup section */

/* Begin PBXNativeTarget section */
		E98A2409291D59BD0083093C /* hackathon-red-moon-ios */ = {
			isa = PBXNativeTarget;
			buildConfigurationList = E98A2434291D59C00083093C /* Build configuration list for PBXNativeTarget "hackathon-red-moon-ios" */;
			buildPhases = (
				E98A2406291D59BD0083093C /* Sources */,
				E98A2407291D59BD0083093C /* Frameworks */,
				E98A2408291D59BD0083093C /* Resources */,
			);
			buildRules = (
			);
			dependencies = (
			);
			name = "hackathon-red-moon-ios";
			packageProductDependencies = (
				E98A2460291D61910083093C /* YassirUI */,
				E98A2463291D63F50083093C /* YassirAuthUI */,
				E98A2475291D9DF60083093C /* YassirAppKit */,
				E935942D291E3B8900138329 /* SDWebImage */,
				E9647727291E6E5700E8E35F /* Stevia */,
			);
			productName = "hackathon-red-moon-ios";
			productReference = E98A240A291D59BD0083093C /* hackathon-red-moon-ios.app */;
			productType = "com.apple.product-type.application";
		};
		E98A241F291D59C00083093C /* hackathon-red-moon-iosTests */ = {
			isa = PBXNativeTarget;
			buildConfigurationList = E98A2437291D59C00083093C /* Build configuration list for PBXNativeTarget "hackathon-red-moon-iosTests" */;
			buildPhases = (
				E98A241C291D59C00083093C /* Sources */,
				E98A241D291D59C00083093C /* Frameworks */,
				E98A241E291D59C00083093C /* Resources */,
			);
			buildRules = (
			);
			dependencies = (
				E98A2422291D59C00083093C /* PBXTargetDependency */,
			);
			name = "hackathon-red-moon-iosTests";
			productName = "hackathon-red-moon-iosTests";
			productReference = E98A2420291D59C00083093C /* hackathon-red-moon-iosTests.xctest */;
			productType = "com.apple.product-type.bundle.unit-test";
		};
		E98A2429291D59C00083093C /* hackathon-red-moon-iosUITests */ = {
			isa = PBXNativeTarget;
			buildConfigurationList = E98A243A291D59C00083093C /* Build configuration list for PBXNativeTarget "hackathon-red-moon-iosUITests" */;
			buildPhases = (
				E98A2426291D59C00083093C /* Sources */,
				E98A2427291D59C00083093C /* Frameworks */,
				E98A2428291D59C00083093C /* Resources */,
			);
			buildRules = (
			);
			dependencies = (
				E98A242C291D59C00083093C /* PBXTargetDependency */,
			);
			name = "hackathon-red-moon-iosUITests";
			productName = "hackathon-red-moon-iosUITests";
			productReference = E98A242A291D59C00083093C /* hackathon-red-moon-iosUITests.xctest */;
			productType = "com.apple.product-type.bundle.ui-testing";
		};
/* End PBXNativeTarget section */

/* Begin PBXProject section */
		E98A2402291D59BD0083093C /* Project object */ = {
			isa = PBXProject;
			attributes = {
				BuildIndependentTargetsInParallel = 1;
				LastSwiftUpdateCheck = 1300;
				LastUpgradeCheck = 1300;
				TargetAttributes = {
					E98A2409291D59BD0083093C = {
						CreatedOnToolsVersion = 13.0;
					};
					E98A241F291D59C00083093C = {
						CreatedOnToolsVersion = 13.0;
						TestTargetID = E98A2409291D59BD0083093C;
					};
					E98A2429291D59C00083093C = {
						CreatedOnToolsVersion = 13.0;
						TestTargetID = E98A2409291D59BD0083093C;
					};
				};
			};
			buildConfigurationList = E98A2405291D59BD0083093C /* Build configuration list for PBXProject "hackathon-red-moon-ios" */;
			compatibilityVersion = "Xcode 13.0";
			developmentRegion = en;
			hasScannedForEncodings = 0;
			knownRegions = (
				en,
				Base,
			);
			mainGroup = E98A2401291D59BD0083093C;
			packageReferences = (
				E98A245F291D61910083093C /* XCRemoteSwiftPackageReference "YassirUI" */,
				E98A2462291D63F50083093C /* XCRemoteSwiftPackageReference "YassirAuthUI" */,
				E98A2474291D9DF60083093C /* XCRemoteSwiftPackageReference "YassirAppKit" */,
				E935942C291E3B8900138329 /* XCRemoteSwiftPackageReference "SDWebImage" */,
				E9647726291E6E5700E8E35F /* XCRemoteSwiftPackageReference "Stevia" */,
			);
			productRefGroup = E98A240B291D59BD0083093C /* Products */;
			projectDirPath = "";
			projectRoot = "";
			targets = (
				E98A2409291D59BD0083093C /* hackathon-red-moon-ios */,
				E98A241F291D59C00083093C /* hackathon-red-moon-iosTests */,
				E98A2429291D59C00083093C /* hackathon-red-moon-iosUITests */,
			);
		};
/* End PBXProject section */

/* Begin PBXResourcesBuildPhase section */
		E98A2408291D59BD0083093C /* Resources */ = {
			isa = PBXResourcesBuildPhase;
			buildActionMask = 2147483647;
			files = (
				E98A241A291D59C00083093C /* LaunchScreen.storyboard in Resources */,
				E98A246E291D7A740083093C /* YassirAuth-Info.plist in Resources */,
				E98A247A291DA4BE0083093C /* YassirHome-Config.plist in Resources */,
				E98A246A291D79230083093C /* Localizable.strings in Resources */,
				E98A2417291D59C00083093C /* Assets.xcassets in Resources */,
			);
			runOnlyForDeploymentPostprocessing = 0;
		};
		E98A241E291D59C00083093C /* Resources */ = {
			isa = PBXResourcesBuildPhase;
			buildActionMask = 2147483647;
			files = (
			);
			runOnlyForDeploymentPostprocessing = 0;
		};
		E98A2428291D59C00083093C /* Resources */ = {
			isa = PBXResourcesBuildPhase;
			buildActionMask = 2147483647;
			files = (
			);
			runOnlyForDeploymentPostprocessing = 0;
		};
/* End PBXResourcesBuildPhase section */

/* Begin PBXSourcesBuildPhase section */
		E98A2406291D59BD0083093C /* Sources */ = {
			isa = PBXSourcesBuildPhase;
			buildActionMask = 2147483647;
			files = (
				E98A244D291D5C270083093C /* SignScene.swift in Sources */,
				E9359467291E516A00138329 /* Bundle.swift in Sources */,
				E9359439291E4A2D00138329 /* SliderViewModel.swift in Sources */,
				E9359420291E36CA00138329 /* MainVC.swift in Sources */,
				E9359438291E4A2D00138329 /* SliderView.swift in Sources */,
				E98A245E291D5DAF0083093C /* UIView+Extension.swift in Sources */,
				E98A245A291D5CA40083093C /* Constants.swift in Sources */,
				E935945D291E4E7800138329 /* CircledButton.swift in Sources */,
				E9359432291E484200138329 /* GridLayout.swift in Sources */,
				E9359447291E4A4700138329 /* ShortcutView.swift in Sources */,
				E9359465291E501600138329 /* ShimmerView.swift in Sources */,
				E98A244E291D5C270083093C /* SignVC.swift in Sources */,
				E98A247C291DA55B0083093C /* UIImage+Extension.swift in Sources */,
				E9359440291E4A3C00138329 /* HomeView.swift in Sources */,
				E935945B291E4E7000138329 /* ImageView.swift in Sources */,
				E935945A291E4E7000138329 /* ImageLoader.swift in Sources */,
				E9359455291E4C5F00138329 /* Service.swift in Sources */,
				E98A2445291D5AEE0083093C /* LaunchScene.swift in Sources */,
				E9359446291E4A4700138329 /* ServiceViewModel.swift in Sources */,
				E98A2458291D5CA40083093C /* PairedViewController.swift in Sources */,
				E9359445291E4A4700138329 /* ServiceView.swift in Sources */,
				E98A2449291D5BC10083093C /* TabBarController.swift in Sources */,
				E9359454291E4C5F00138329 /* Shortcut.swift in Sources */,
				E935944B291E4A5300138329 /* HeaderView.swift in Sources */,
				E98A2457291D5CA40083093C /* NetworkManager.swift in Sources */,
				E935946A291E68BE00138329 /* ServiceDetailsListView.swift in Sources */,
				E9359460291E4E8600138329 /* EmptyStateView.swift in Sources */,
				E9359452291E4C5F00138329 /* Slider.swift in Sources */,
				E98A2459291D5CA40083093C /* UserDefaultsManager.swift in Sources */,
				E98A2468291D776E0083093C /* AuthHelper.swift in Sources */,
				E935943E291E4A3C00138329 /* HomeScreenViewModel.swift in Sources */,
				E98A240E291D59BD0083093C /* AppDelegate.swift in Sources */,
				E98A2466291D68B90083093C /* Localize.swift in Sources */,
				E964772A291E707100E8E35F /* ServiceDetailsListVC.swift in Sources */,
				E9359456291E4C5F00138329 /* Platform.swift in Sources */,
				E935941E291E36BE00138329 /* MainScene.swift in Sources */,
				E935943F291E4A3C00138329 /* HomeViewModel.swift in Sources */,
				E9359435291E4A1D00138329 /* BannerView.swift in Sources */,
				E9359441291E4A3C00138329 /* HomeScreen.swift in Sources */,
				E98A2446291D5AEE0083093C /* LaunchVC.swift in Sources */,
				E9359453291E4C5F00138329 /* Component.swift in Sources */,
				E9359464291E501600138329 /* SafariView.swift in Sources */,
				E98A2456291D5CA40083093C /* Keychain.swift in Sources */,
				E9359457291E4C5F00138329 /* Banner.swift in Sources */,
				E935944A291E4A5300138329 /* HeaderViewModel.swift in Sources */,
				E9359461291E4E8600138329 /* LoadingView.swift in Sources */,
			);
			runOnlyForDeploymentPostprocessing = 0;
		};
		E98A241C291D59C00083093C /* Sources */ = {
			isa = PBXSourcesBuildPhase;
			buildActionMask = 2147483647;
			files = (
				E98A2425291D59C00083093C /* hackathon_red_moon_iosTests.swift in Sources */,
			);
			runOnlyForDeploymentPostprocessing = 0;
		};
		E98A2426291D59C00083093C /* Sources */ = {
			isa = PBXSourcesBuildPhase;
			buildActionMask = 2147483647;
			files = (
				E98A242F291D59C00083093C /* hackathon_red_moon_iosUITests.swift in Sources */,
				E98A2431291D59C00083093C /* hackathon_red_moon_iosUITestsLaunchTests.swift in Sources */,
			);
			runOnlyForDeploymentPostprocessing = 0;
		};
/* End PBXSourcesBuildPhase section */

/* Begin PBXTargetDependency section */
		E98A2422291D59C00083093C /* PBXTargetDependency */ = {
			isa = PBXTargetDependency;
			target = E98A2409291D59BD0083093C /* hackathon-red-moon-ios */;
			targetProxy = E98A2421291D59C00083093C /* PBXContainerItemProxy */;
		};
		E98A242C291D59C00083093C /* PBXTargetDependency */ = {
			isa = PBXTargetDependency;
			target = E98A2409291D59BD0083093C /* hackathon-red-moon-ios */;
			targetProxy = E98A242B291D59C00083093C /* PBXContainerItemProxy */;
		};
/* End PBXTargetDependency section */

/* Begin PBXVariantGroup section */
		E98A2418291D59C00083093C /* LaunchScreen.storyboard */ = {
			isa = PBXVariantGroup;
			children = (
				E98A2419291D59C00083093C /* Base */,
			);
			name = LaunchScreen.storyboard;
			sourceTree = "<group>";
		};
/* End PBXVariantGroup section */

/* Begin XCBuildConfiguration section */
		E98A2432291D59C00083093C /* Debug */ = {
			isa = XCBuildConfiguration;
			buildSettings = {
				ALWAYS_SEARCH_USER_PATHS = NO;
				CLANG_ANALYZER_NONNULL = YES;
				CLANG_ANALYZER_NUMBER_OBJECT_CONVERSION = YES_AGGRESSIVE;
				CLANG_CXX_LANGUAGE_STANDARD = "gnu++17";
				CLANG_CXX_LIBRARY = "libc++";
				CLANG_ENABLE_MODULES = YES;
				CLANG_ENABLE_OBJC_ARC = YES;
				CLANG_ENABLE_OBJC_WEAK = YES;
				CLANG_WARN_BLOCK_CAPTURE_AUTORELEASING = YES;
				CLANG_WARN_BOOL_CONVERSION = YES;
				CLANG_WARN_COMMA = YES;
				CLANG_WARN_CONSTANT_CONVERSION = YES;
				CLANG_WARN_DEPRECATED_OBJC_IMPLEMENTATIONS = YES;
				CLANG_WARN_DIRECT_OBJC_ISA_USAGE = YES_ERROR;
				CLANG_WARN_DOCUMENTATION_COMMENTS = YES;
				CLANG_WARN_EMPTY_BODY = YES;
				CLANG_WARN_ENUM_CONVERSION = YES;
				CLANG_WARN_INFINITE_RECURSION = YES;
				CLANG_WARN_INT_CONVERSION = YES;
				CLANG_WARN_NON_LITERAL_NULL_CONVERSION = YES;
				CLANG_WARN_OBJC_IMPLICIT_RETAIN_SELF = YES;
				CLANG_WARN_OBJC_LITERAL_CONVERSION = YES;
				CLANG_WARN_OBJC_ROOT_CLASS = YES_ERROR;
				CLANG_WARN_QUOTED_INCLUDE_IN_FRAMEWORK_HEADER = YES;
				CLANG_WARN_RANGE_LOOP_ANALYSIS = YES;
				CLANG_WARN_STRICT_PROTOTYPES = YES;
				CLANG_WARN_SUSPICIOUS_MOVE = YES;
				CLANG_WARN_UNGUARDED_AVAILABILITY = YES_AGGRESSIVE;
				CLANG_WARN_UNREACHABLE_CODE = YES;
				CLANG_WARN__DUPLICATE_METHOD_MATCH = YES;
				COPY_PHASE_STRIP = NO;
				DEBUG_INFORMATION_FORMAT = dwarf;
				ENABLE_STRICT_OBJC_MSGSEND = YES;
				ENABLE_TESTABILITY = YES;
				GCC_C_LANGUAGE_STANDARD = gnu11;
				GCC_DYNAMIC_NO_PIC = NO;
				GCC_NO_COMMON_BLOCKS = YES;
				GCC_OPTIMIZATION_LEVEL = 0;
				GCC_PREPROCESSOR_DEFINITIONS = (
					"DEBUG=1",
					"$(inherited)",
				);
				GCC_WARN_64_TO_32_BIT_CONVERSION = YES;
				GCC_WARN_ABOUT_RETURN_TYPE = YES_ERROR;
				GCC_WARN_UNDECLARED_SELECTOR = YES;
				GCC_WARN_UNINITIALIZED_AUTOS = YES_AGGRESSIVE;
				GCC_WARN_UNUSED_FUNCTION = YES;
				GCC_WARN_UNUSED_VARIABLE = YES;
				IPHONEOS_DEPLOYMENT_TARGET = 15.0;
				MTL_ENABLE_DEBUG_INFO = INCLUDE_SOURCE;
				MTL_FAST_MATH = YES;
				ONLY_ACTIVE_ARCH = YES;
				SDKROOT = iphoneos;
				SWIFT_ACTIVE_COMPILATION_CONDITIONS = DEBUG;
				SWIFT_OPTIMIZATION_LEVEL = "-Onone";
			};
			name = Debug;
		};
		E98A2433291D59C00083093C /* Release */ = {
			isa = XCBuildConfiguration;
			buildSettings = {
				ALWAYS_SEARCH_USER_PATHS = NO;
				CLANG_ANALYZER_NONNULL = YES;
				CLANG_ANALYZER_NUMBER_OBJECT_CONVERSION = YES_AGGRESSIVE;
				CLANG_CXX_LANGUAGE_STANDARD = "gnu++17";
				CLANG_CXX_LIBRARY = "libc++";
				CLANG_ENABLE_MODULES = YES;
				CLANG_ENABLE_OBJC_ARC = YES;
				CLANG_ENABLE_OBJC_WEAK = YES;
				CLANG_WARN_BLOCK_CAPTURE_AUTORELEASING = YES;
				CLANG_WARN_BOOL_CONVERSION = YES;
				CLANG_WARN_COMMA = YES;
				CLANG_WARN_CONSTANT_CONVERSION = YES;
				CLANG_WARN_DEPRECATED_OBJC_IMPLEMENTATIONS = YES;
				CLANG_WARN_DIRECT_OBJC_ISA_USAGE = YES_ERROR;
				CLANG_WARN_DOCUMENTATION_COMMENTS = YES;
				CLANG_WARN_EMPTY_BODY = YES;
				CLANG_WARN_ENUM_CONVERSION = YES;
				CLANG_WARN_INFINITE_RECURSION = YES;
				CLANG_WARN_INT_CONVERSION = YES;
				CLANG_WARN_NON_LITERAL_NULL_CONVERSION = YES;
				CLANG_WARN_OBJC_IMPLICIT_RETAIN_SELF = YES;
				CLANG_WARN_OBJC_LITERAL_CONVERSION = YES;
				CLANG_WARN_OBJC_ROOT_CLASS = YES_ERROR;
				CLANG_WARN_QUOTED_INCLUDE_IN_FRAMEWORK_HEADER = YES;
				CLANG_WARN_RANGE_LOOP_ANALYSIS = YES;
				CLANG_WARN_STRICT_PROTOTYPES = YES;
				CLANG_WARN_SUSPICIOUS_MOVE = YES;
				CLANG_WARN_UNGUARDED_AVAILABILITY = YES_AGGRESSIVE;
				CLANG_WARN_UNREACHABLE_CODE = YES;
				CLANG_WARN__DUPLICATE_METHOD_MATCH = YES;
				COPY_PHASE_STRIP = NO;
				DEBUG_INFORMATION_FORMAT = "dwarf-with-dsym";
				ENABLE_NS_ASSERTIONS = NO;
				ENABLE_STRICT_OBJC_MSGSEND = YES;
				GCC_C_LANGUAGE_STANDARD = gnu11;
				GCC_NO_COMMON_BLOCKS = YES;
				GCC_WARN_64_TO_32_BIT_CONVERSION = YES;
				GCC_WARN_ABOUT_RETURN_TYPE = YES_ERROR;
				GCC_WARN_UNDECLARED_SELECTOR = YES;
				GCC_WARN_UNINITIALIZED_AUTOS = YES_AGGRESSIVE;
				GCC_WARN_UNUSED_FUNCTION = YES;
				GCC_WARN_UNUSED_VARIABLE = YES;
				IPHONEOS_DEPLOYMENT_TARGET = 15.0;
				MTL_ENABLE_DEBUG_INFO = NO;
				MTL_FAST_MATH = YES;
				SDKROOT = iphoneos;
				SWIFT_COMPILATION_MODE = wholemodule;
				SWIFT_OPTIMIZATION_LEVEL = "-O";
				VALIDATE_PRODUCT = YES;
			};
			name = Release;
		};
		E98A2435291D59C00083093C /* Debug */ = {
			isa = XCBuildConfiguration;
			buildSettings = {
				ASSETCATALOG_COMPILER_APPICON_NAME = AppIcon;
				ASSETCATALOG_COMPILER_GLOBAL_ACCENT_COLOR_NAME = AccentColor;
				CODE_SIGN_STYLE = Automatic;
				CURRENT_PROJECT_VERSION = 1;
				DEVELOPMENT_TEAM = 5PL9B9HNUS;
				GENERATE_INFOPLIST_FILE = YES;
				INFOPLIST_FILE = "hackathon-red-moon-ios/Application/Info.plist";
				INFOPLIST_KEY_UIApplicationSupportsIndirectInputEvents = YES;
				INFOPLIST_KEY_UILaunchStoryboardName = LaunchScreen;
				INFOPLIST_KEY_UISupportedInterfaceOrientations_iPad = "UIInterfaceOrientationPortrait UIInterfaceOrientationPortraitUpsideDown UIInterfaceOrientationLandscapeLeft UIInterfaceOrientationLandscapeRight";
				INFOPLIST_KEY_UISupportedInterfaceOrientations_iPhone = "UIInterfaceOrientationPortrait UIInterfaceOrientationLandscapeLeft UIInterfaceOrientationLandscapeRight";
				IPHONEOS_DEPLOYMENT_TARGET = 13.0;
				LD_RUNPATH_SEARCH_PATHS = (
					"$(inherited)",
					"@executable_path/Frameworks",
				);
				MARKETING_VERSION = 1.0;
				PRODUCT_BUNDLE_IDENTIFIER = "com.ya.hackathon-red-moon-ios";
				PRODUCT_NAME = "$(TARGET_NAME)";
				SWIFT_EMIT_LOC_STRINGS = YES;
				SWIFT_VERSION = 5.0;
				TARGETED_DEVICE_FAMILY = "1,2";
			};
			name = Debug;
		};
		E98A2436291D59C00083093C /* Release */ = {
			isa = XCBuildConfiguration;
			buildSettings = {
				ASSETCATALOG_COMPILER_APPICON_NAME = AppIcon;
				ASSETCATALOG_COMPILER_GLOBAL_ACCENT_COLOR_NAME = AccentColor;
				CODE_SIGN_STYLE = Automatic;
				CURRENT_PROJECT_VERSION = 1;
				DEVELOPMENT_TEAM = 5PL9B9HNUS;
				GENERATE_INFOPLIST_FILE = YES;
				INFOPLIST_FILE = "hackathon-red-moon-ios/Application/Info.plist";
				INFOPLIST_KEY_UIApplicationSupportsIndirectInputEvents = YES;
				INFOPLIST_KEY_UILaunchStoryboardName = LaunchScreen;
				INFOPLIST_KEY_UISupportedInterfaceOrientations_iPad = "UIInterfaceOrientationPortrait UIInterfaceOrientationPortraitUpsideDown UIInterfaceOrientationLandscapeLeft UIInterfaceOrientationLandscapeRight";
				INFOPLIST_KEY_UISupportedInterfaceOrientations_iPhone = "UIInterfaceOrientationPortrait UIInterfaceOrientationLandscapeLeft UIInterfaceOrientationLandscapeRight";
				IPHONEOS_DEPLOYMENT_TARGET = 13.0;
				LD_RUNPATH_SEARCH_PATHS = (
					"$(inherited)",
					"@executable_path/Frameworks",
				);
				MARKETING_VERSION = 1.0;
				PRODUCT_BUNDLE_IDENTIFIER = "com.ya.hackathon-red-moon-ios";
				PRODUCT_NAME = "$(TARGET_NAME)";
				SWIFT_EMIT_LOC_STRINGS = YES;
				SWIFT_VERSION = 5.0;
				TARGETED_DEVICE_FAMILY = "1,2";
			};
			name = Release;
		};
		E98A2438291D59C00083093C /* Debug */ = {
			isa = XCBuildConfiguration;
			buildSettings = {
				ALWAYS_EMBED_SWIFT_STANDARD_LIBRARIES = YES;
				BUNDLE_LOADER = "$(TEST_HOST)";
				CODE_SIGN_STYLE = Automatic;
				CURRENT_PROJECT_VERSION = 1;
				DEVELOPMENT_TEAM = 6M88W5GW8G;
				GENERATE_INFOPLIST_FILE = YES;
				IPHONEOS_DEPLOYMENT_TARGET = 15.0;
				LD_RUNPATH_SEARCH_PATHS = (
					"$(inherited)",
					"@executable_path/Frameworks",
					"@loader_path/Frameworks",
				);
				MARKETING_VERSION = 1.0;
				PRODUCT_BUNDLE_IDENTIFIER = "com.ya.hackathon.redmoon.hackathon-red-moon-iosTests";
				PRODUCT_NAME = "$(TARGET_NAME)";
				SWIFT_EMIT_LOC_STRINGS = NO;
				SWIFT_VERSION = 5.0;
				TARGETED_DEVICE_FAMILY = "1,2";
				TEST_HOST = "$(BUILT_PRODUCTS_DIR)/hackathon-red-moon-ios.app/hackathon-red-moon-ios";
			};
			name = Debug;
		};
		E98A2439291D59C00083093C /* Release */ = {
			isa = XCBuildConfiguration;
			buildSettings = {
				ALWAYS_EMBED_SWIFT_STANDARD_LIBRARIES = YES;
				BUNDLE_LOADER = "$(TEST_HOST)";
				CODE_SIGN_STYLE = Automatic;
				CURRENT_PROJECT_VERSION = 1;
				DEVELOPMENT_TEAM = 6M88W5GW8G;
				GENERATE_INFOPLIST_FILE = YES;
				IPHONEOS_DEPLOYMENT_TARGET = 15.0;
				LD_RUNPATH_SEARCH_PATHS = (
					"$(inherited)",
					"@executable_path/Frameworks",
					"@loader_path/Frameworks",
				);
				MARKETING_VERSION = 1.0;
				PRODUCT_BUNDLE_IDENTIFIER = "com.ya.hackathon.redmoon.hackathon-red-moon-iosTests";
				PRODUCT_NAME = "$(TARGET_NAME)";
				SWIFT_EMIT_LOC_STRINGS = NO;
				SWIFT_VERSION = 5.0;
				TARGETED_DEVICE_FAMILY = "1,2";
				TEST_HOST = "$(BUILT_PRODUCTS_DIR)/hackathon-red-moon-ios.app/hackathon-red-moon-ios";
			};
			name = Release;
		};
		E98A243B291D59C00083093C /* Debug */ = {
			isa = XCBuildConfiguration;
			buildSettings = {
				ALWAYS_EMBED_SWIFT_STANDARD_LIBRARIES = YES;
				CODE_SIGN_STYLE = Automatic;
				CURRENT_PROJECT_VERSION = 1;
				DEVELOPMENT_TEAM = 6M88W5GW8G;
				GENERATE_INFOPLIST_FILE = YES;
				LD_RUNPATH_SEARCH_PATHS = (
					"$(inherited)",
					"@executable_path/Frameworks",
					"@loader_path/Frameworks",
				);
				MARKETING_VERSION = 1.0;
				PRODUCT_BUNDLE_IDENTIFIER = "com.ya.hackathon.redmoon.hackathon-red-moon-iosUITests";
				PRODUCT_NAME = "$(TARGET_NAME)";
				SWIFT_EMIT_LOC_STRINGS = NO;
				SWIFT_VERSION = 5.0;
				TARGETED_DEVICE_FAMILY = "1,2";
				TEST_TARGET_NAME = "hackathon-red-moon-ios";
			};
			name = Debug;
		};
		E98A243C291D59C00083093C /* Release */ = {
			isa = XCBuildConfiguration;
			buildSettings = {
				ALWAYS_EMBED_SWIFT_STANDARD_LIBRARIES = YES;
				CODE_SIGN_STYLE = Automatic;
				CURRENT_PROJECT_VERSION = 1;
				DEVELOPMENT_TEAM = 6M88W5GW8G;
				GENERATE_INFOPLIST_FILE = YES;
				LD_RUNPATH_SEARCH_PATHS = (
					"$(inherited)",
					"@executable_path/Frameworks",
					"@loader_path/Frameworks",
				);
				MARKETING_VERSION = 1.0;
				PRODUCT_BUNDLE_IDENTIFIER = "com.ya.hackathon.redmoon.hackathon-red-moon-iosUITests";
				PRODUCT_NAME = "$(TARGET_NAME)";
				SWIFT_EMIT_LOC_STRINGS = NO;
				SWIFT_VERSION = 5.0;
				TARGETED_DEVICE_FAMILY = "1,2";
				TEST_TARGET_NAME = "hackathon-red-moon-ios";
			};
			name = Release;
		};
/* End XCBuildConfiguration section */

/* Begin XCConfigurationList section */
		E98A2405291D59BD0083093C /* Build configuration list for PBXProject "hackathon-red-moon-ios" */ = {
			isa = XCConfigurationList;
			buildConfigurations = (
				E98A2432291D59C00083093C /* Debug */,
				E98A2433291D59C00083093C /* Release */,
			);
			defaultConfigurationIsVisible = 0;
			defaultConfigurationName = Release;
		};
		E98A2434291D59C00083093C /* Build configuration list for PBXNativeTarget "hackathon-red-moon-ios" */ = {
			isa = XCConfigurationList;
			buildConfigurations = (
				E98A2435291D59C00083093C /* Debug */,
				E98A2436291D59C00083093C /* Release */,
			);
			defaultConfigurationIsVisible = 0;
			defaultConfigurationName = Release;
		};
		E98A2437291D59C00083093C /* Build configuration list for PBXNativeTarget "hackathon-red-moon-iosTests" */ = {
			isa = XCConfigurationList;
			buildConfigurations = (
				E98A2438291D59C00083093C /* Debug */,
				E98A2439291D59C00083093C /* Release */,
			);
			defaultConfigurationIsVisible = 0;
			defaultConfigurationName = Release;
		};
		E98A243A291D59C00083093C /* Build configuration list for PBXNativeTarget "hackathon-red-moon-iosUITests" */ = {
			isa = XCConfigurationList;
			buildConfigurations = (
				E98A243B291D59C00083093C /* Debug */,
				E98A243C291D59C00083093C /* Release */,
			);
			defaultConfigurationIsVisible = 0;
			defaultConfigurationName = Release;
		};
/* End XCConfigurationList section */

/* Begin XCRemoteSwiftPackageReference section */
		E935942C291E3B8900138329 /* XCRemoteSwiftPackageReference "SDWebImage" */ = {
			isa = XCRemoteSwiftPackageReference;
			repositoryURL = "https://github.com/SDWebImage/SDWebImage.git";
			requirement = {
				kind = upToNextMajorVersion;
				minimumVersion = 5.0.0;
			};
		};
		E9647726291E6E5700E8E35F /* XCRemoteSwiftPackageReference "Stevia" */ = {
			isa = XCRemoteSwiftPackageReference;
			repositoryURL = "https://github.com/freshOS/Stevia.git";
			requirement = {
				kind = exactVersion;
				version = 5.0.0;
			};
		};
		E98A245F291D61910083093C /* XCRemoteSwiftPackageReference "YassirUI" */ = {
			isa = XCRemoteSwiftPackageReference;
			repositoryURL = "git@github.com:YAtechnologies/YassirUI.git";
			requirement = {
				branch = main;
				kind = branch;
			};
		};
		E98A2462291D63F50083093C /* XCRemoteSwiftPackageReference "YassirAuthUI" */ = {
			isa = XCRemoteSwiftPackageReference;
			repositoryURL = "git@github.com:YAtechnologies/YassirAuthUI.git";
			requirement = {
				kind = exactVersion;
				version = 0.12.0;
			};
		};
		E98A2474291D9DF60083093C /* XCRemoteSwiftPackageReference "YassirAppKit" */ = {
			isa = XCRemoteSwiftPackageReference;
			repositoryURL = "https://github.com/YAtechnologies/YassirAppKit.git";
			requirement = {
				kind = upToNextMajorVersion;
				minimumVersion = 0.9.0;
			};
		};
/* End XCRemoteSwiftPackageReference section */

/* Begin XCSwiftPackageProductDependency section */
		E935942D291E3B8900138329 /* SDWebImage */ = {
			isa = XCSwiftPackageProductDependency;
			package = E935942C291E3B8900138329 /* XCRemoteSwiftPackageReference "SDWebImage" */;
			productName = SDWebImage;
		};
		E9647727291E6E5700E8E35F /* Stevia */ = {
			isa = XCSwiftPackageProductDependency;
			package = E9647726291E6E5700E8E35F /* XCRemoteSwiftPackageReference "Stevia" */;
			productName = Stevia;
		};
		E98A2460291D61910083093C /* YassirUI */ = {
			isa = XCSwiftPackageProductDependency;
			package = E98A245F291D61910083093C /* XCRemoteSwiftPackageReference "YassirUI" */;
			productName = YassirUI;
		};
		E98A2463291D63F50083093C /* YassirAuthUI */ = {
			isa = XCSwiftPackageProductDependency;
			package = E98A2462291D63F50083093C /* XCRemoteSwiftPackageReference "YassirAuthUI" */;
			productName = YassirAuthUI;
		};
		E98A2475291D9DF60083093C /* YassirAppKit */ = {
			isa = XCSwiftPackageProductDependency;
			package = E98A2474291D9DF60083093C /* XCRemoteSwiftPackageReference "YassirAppKit" */;
			productName = YassirAppKit;
		};
/* End XCSwiftPackageProductDependency section */
	};
	rootObject = E98A2402291D59BD0083093C /* Project object */;
}
